
Microsoft Visual Studio Solution File, Format Version 12.00
# Visual Studio Version 16
VisualStudioVersion = 16.0.30907.101
MinimumVisualStudioVersion = 10.0.40219.1
Project("{FAE04EC0-301F-11D3-BF4B-00C04F79EFBC}") = "LegoSetManager", "LegoSetManager\LegoSetManager.csproj", "{1A617F17-D528-4B0C-ABBC-BD17AB7F0722}"
EndProject
Global
	GlobalSection(SolutionConfigurationPlatforms) = preSolution
		Debug|Any CPU = Debug|Any CPU
		Release|Any CPU = Release|Any CPU
	EndGlobalSection
	GlobalSection(ProjectConfigurationPlatforms) = postSolution
		{1A617F17-D528-4B0C-ABBC-BD17AB7F0722}.Debug|Any CPU.ActiveCfg = Debug|Any CPU
		{1A617F17-D528-4B0C-ABBC-BD17AB7F0722}.Debug|Any CPU.Build.0 = Debug|Any CPU
		{1A617F17-D528-4B0C-ABBC-BD17AB7F0722}.Release|Any CPU.ActiveCfg = Release|Any CPU
		{1A617F17-D528-4B0C-ABBC-BD17AB7F0722}.Release|Any CPU.Build.0 = Release|Any CPU
	EndGlobalSection
	GlobalSection(SolutionProperties) = preSolution
		HideSolutionNode = FALSE
	EndGlobalSection
	GlobalSection(ExtensibilityGlobals) = postSolution
		SolutionGuid = {DF035426-FDFD-4B7A-9B87-099E9E08B104}
	EndGlobalSection
EndGlobal
